
Microsoft Visual Studio Solution File, Format Version 12.00
# Visual Studio Version 17
VisualStudioVersion = 17.4.33213.308
MinimumVisualStudioVersion = 10.0.40219.1
Project("{FAE04EC0-301F-11D3-BF4B-00C04F79EFBC}") = "View", "View.csproj", "{3AD59AB2-53F2-49DA-9944-B80010AA4020}"
EndProject
Project("{FAE04EC0-301F-11D3-BF4B-00C04F79EFBC}") = "BoobleSort", "..\BoobleSort\BoobleSort.csproj", "{A110A421-D33C-4399-9611-DBFE5C422405}"
EndProject
Global
	GlobalSection(SolutionConfigurationPlatforms) = preSolution
		Debug|Any CPU = Debug|Any CPU
		Release|Any CPU = Release|Any CPU
	EndGlobalSection
	GlobalSection(ProjectConfigurationPlatforms) = postSolution
		{3AD59AB2-53F2-49DA-9944-B80010AA4020}.Debug|Any CPU.ActiveCfg = Debug|Any CPU
		{3AD59AB2-53F2-49DA-9944-B80010AA4020}.Debug|Any CPU.Build.0 = Debug|Any CPU
		{3AD59AB2-53F2-49DA-9944-B80010AA4020}.Release|Any CPU.ActiveCfg = Release|Any CPU
		{3AD59AB2-53F2-49DA-9944-B80010AA4020}.Release|Any CPU.Build.0 = Release|Any CPU
		{A110A421-D33C-4399-9611-DBFE5C422405}.Debug|Any CPU.ActiveCfg = Debug|Any CPU
		{A110A421-D33C-4399-9611-DBFE5C422405}.Debug|Any CPU.Build.0 = Debug|Any CPU
		{A110A421-D33C-4399-9611-DBFE5C422405}.Release|Any CPU.ActiveCfg = Release|Any CPU
		{A110A421-D33C-4399-9611-DBFE5C422405}.Release|Any CPU.Build.0 = Release|Any CPU
	EndGlobalSection
	GlobalSection(SolutionProperties) = preSolution
		HideSolutionNode = FALSE
	EndGlobalSection
	GlobalSection(ExtensibilityGlobals) = postSolution
		SolutionGuid = {E7ED595E-9C6F-40D5-8F70-E2D52B29319A}
	EndGlobalSection
EndGlobal
